
Microsoft Visual Studio Solution File, Format Version 12.00
# Visual Studio Version 16
VisualStudioVersion = 16.0.28922.388
MinimumVisualStudioVersion = 10.0.40219.1
Project("{9A19103F-16F7-4668-BE54-9A1E7A4F7556}") = "Test", "Test\Test.csproj", "{B1589F3F-2166-4202-BDCD-FCE5008473DE}"
EndProject
Global
	GlobalSection(SolutionConfigurationPlatforms) = preSolution
		Debug|Any CPU = Debug|Any CPU
		Release|Any CPU = Release|Any CPU
	EndGlobalSection
	GlobalSection(ProjectConfigurationPlatforms) = postSolution
		{B1589F3F-2166-4202-BDCD-FCE5008473DE}.Debug|Any CPU.ActiveCfg = Debug|Any CPU
		{B1589F3F-2166-4202-BDCD-FCE5008473DE}.Debug|Any CPU.Build.0 = Debug|Any CPU
		{B1589F3F-2166-4202-BDCD-FCE5008473DE}.Release|Any CPU.ActiveCfg = Release|Any CPU
		{B1589F3F-2166-4202-BDCD-FCE5008473DE}.Release|Any CPU.Build.0 = Release|Any CPU
	EndGlobalSection
	GlobalSection(SolutionProperties) = preSolution
		HideSolutionNode = FALSE
	EndGlobalSection
	GlobalSection(ExtensibilityGlobals) = postSolution
		SolutionGuid = {3863708B-EFA1-40E5-926E-5C0BBC27B60B}
	EndGlobalSection
EndGlobal
